
Microsoft Visual Studio Solution File, Format Version 12.00
# Visual Studio Version 16
VisualStudioVersion = 16.0.29215.179
MinimumVisualStudioVersion = 10.0.40219.1
Project("{FAE04EC0-301F-11D3-BF4B-00C04F79EFBC}") = "adventure game", "adventure game\adventure game.csproj", "{7BB4B8C0-45AE-4F9E-B2EB-8495DCF5FFFF}"
EndProject
Global
	GlobalSection(SolutionConfigurationPlatforms) = preSolution
		Debug|Any CPU = Debug|Any CPU
		Release|Any CPU = Release|Any CPU
	EndGlobalSection
	GlobalSection(ProjectConfigurationPlatforms) = postSolution
		{7BB4B8C0-45AE-4F9E-B2EB-8495DCF5FFFF}.Debug|Any CPU.ActiveCfg = Debug|Any CPU
		{7BB4B8C0-45AE-4F9E-B2EB-8495DCF5FFFF}.Debug|Any CPU.Build.0 = Debug|Any CPU
		{7BB4B8C0-45AE-4F9E-B2EB-8495DCF5FFFF}.Release|Any CPU.ActiveCfg = Release|Any CPU
		{7BB4B8C0-45AE-4F9E-B2EB-8495DCF5FFFF}.Release|Any CPU.Build.0 = Release|Any CPU
	EndGlobalSection
	GlobalSection(SolutionProperties) = preSolution
		HideSolutionNode = FALSE
	EndGlobalSection
	GlobalSection(ExtensibilityGlobals) = postSolution
		SolutionGuid = {89A4906E-9603-4AFB-8496-2476738494F2}
	EndGlobalSection
EndGlobal
